# THIS IS AN AUTOGENERATED FILE. DO NOT EDIT THIS FILE DIRECTLY.
# yarn lockfile v1


vue-form-wizard@^0.8.4:
  version "0.8.4"
  resolved "https://registry.yarnpkg.com/vue-form-wizard/-/vue-form-wizard-0.8.4.tgz#ddf864c9709b7ba2a6323f59e5d6d17536b7800e"
  integrity sha512-/Zk1+B7bz7qHFJ16mwu021lpPXWf/9Tlr2mTNG3J7M0Hdy3rgA802lWsbKYySns0B0qtsD8BYGjQ2Wyxgg+4uw==
